// !$*UTF8*$!
{
	archiveVersion = 1;
	classes = {
	};
	objectVersion = 77;
	objects = {

/* Begin PBXContainerItemProxy section */
		B8312CBE2CC2094E0090D28B /* PBXContainerItemProxy */ = {
			isa = PBXContainerItemProxy;
			containerPortal = B8312CA52CC2094C0090D28B /* Project object */;
			proxyType = 1;
			remoteGlobalIDString = B8312CAC2CC2094C0090D28B;
			remoteInfo = krishnabalajilab5;
		};
		B8312CC82CC2094E0090D28B /* PBXContainerItemProxy */ = {
			isa = PBXContainerItemProxy;
			containerPortal = B8312CA52CC2094C0090D28B /* Project object */;
			proxyType = 1;
			remoteGlobalIDString = B8312CAC2CC2094C0090D28B;
			remoteInfo = krishnabalajilab5;
		};
/* End PBXContainerItemProxy section */

/* Begin PBXFileReference section */
		B8312CAD2CC2094C0090D28B /* krishnabalajilab5.app */ = {isa = PBXFileReference; explicitFileType = wrapper.application; includeInIndex = 0; path = krishnabalajilab5.app; sourceTree = BUILT_PRODUCTS_DIR; };
		B8312CBD2CC2094E0090D28B /* krishnabalajilab5Tests.xctest */ = {isa = PBXFileReference; explicitFileType = wrapper.cfbundle; includeInIndex = 0; path = krishnabalajilab5Tests.xctest; sourceTree = BUILT_PRODUCTS_DIR; };
		B8312CC72CC2094E0090D28B /* krishnabalajilab5UITests.xctest */ = {isa = PBXFileReference; explicitFileType = wrapper.cfbundle; includeInIndex = 0; path = krishnabalajilab5UITests.xctest; sourceTree = BUILT_PRODUCTS_DIR; };
/* End PBXFileReference section */

/* Begin PBXFileSystemSynchronizedRootGroup section */
		B8312CAF2CC2094C0090D28B /* krishnabalajilab5 */ = {
			isa = PBXFileSystemSynchronizedRootGroup;
			path = krishnabalajilab5;
			sourceTree = "<group>";
		};
		B8312CC02CC2094E0090D28B /* krishnabalajilab5Tests */ = {
			isa = PBXFileSystemSynchronizedRootGroup;
			path = krishnabalajilab5Tests;
			sourceTree = "<group>";
		};
		B8312CCA2CC2094E0090D28B /* krishnabalajilab5UITests */ = {
			isa = PBXFileSystemSynchronizedRootGroup;
			path = krishnabalajilab5UITests;
			sourceTree = "<group>";
		};
/* End PBXFileSystemSynchronizedRootGroup section */

/* Begin PBXFrameworksBuildPhase section */
		B8312CAA2CC2094C0090D28B /* Frameworks */ = {
			isa = PBXFrameworksBuildPhase;
			buildActionMask = 2147483647;
			files = (
			);
			runOnlyForDeploymentPostprocessing = 0;
		};
		B8312CBA2CC2094E0090D28B /* Frameworks */ = {
			isa = PBXFrameworksBuildPhase;
			buildActionMask = 2147483647;
			files = (
			);
			runOnlyForDeploymentPostprocessing = 0;
		};
		B8312CC42CC2094E0090D28B /* Frameworks */ = {
			isa = PBXFrameworksBuildPhase;
			buildActionMask = 2147483647;
			files = (
			);
			runOnlyForDeploymentPostprocessing = 0;
		};
/* End PBXFrameworksBuildPhase section */

/* Begin PBXGroup section */
		B8312CA42CC2094C0090D28B = {
			isa = PBXGroup;
			children = (
				B8312CAF2CC2094C0090D28B /* krishnabalajilab5 */,
				B8312CC02CC2094E0090D28B /* krishnabalajilab5Tests */,
				B8312CCA2CC2094E0090D28B /* krishnabalajilab5UITests */,
				B8312CAE2CC2094C0090D28B /* Products */,
			);
			sourceTree = "<group>";
		};
		B8312CAE2CC2094C0090D28B /* Products */ = {
			isa = PBXGroup;
			children = (
				B8312CAD2CC2094C0090D28B /* krishnabalajilab5.app */,
				B8312CBD2CC2094E0090D28B /* krishnabalajilab5Tests.xctest */,
				B8312CC72CC2094E0090D28B /* krishnabalajilab5UITests.xctest */,
			);
			name = Products;
			sourceTree = "<group>";
		};
/* End PBXGroup section */

/* Begin PBXNativeTarget section */
		B8312CAC2CC2094C0090D28B /* krishnabalajilab5 */ = {
			isa = PBXNativeTarget;
			buildConfigurationList = B8312CD12CC2094E0090D28B /* Build configuration list for PBXNativeTarget "krishnabalajilab5" */;
			buildPhases = (
				B8312CA92CC2094C0090D28B /* Sources */,
				B8312CAA2CC2094C0090D28B /* Frameworks */,
				B8312CAB2CC2094C0090D28B /* Resources */,
			);
			buildRules = (
			);
			dependencies = (
			);
			fileSystemSynchronizedGroups = (
				B8312CAF2CC2094C0090D28B /* krishnabalajilab5 */,
			);
			name = krishnabalajilab5;
			packageProductDependencies = (
			);
			productName = krishnabalajilab5;
			productReference = B8312CAD2CC2094C0090D28B /* krishnabalajilab5.app */;
			productType = "com.apple.product-type.application";
		};
		B8312CBC2CC2094E0090D28B /* krishnabalajilab5Tests */ = {
			isa = PBXNativeTarget;
			buildConfigurationList = B8312CD42CC2094E0090D28B /* Build configuration list for PBXNativeTarget "krishnabalajilab5Tests" */;
			buildPhases = (
				B8312CB92CC2094E0090D28B /* Sources */,
				B8312CBA2CC2094E0090D28B /* Frameworks */,
				B8312CBB2CC2094E0090D28B /* Resources */,
			);
			buildRules = (
			);
			dependencies = (
				B8312CBF2CC2094E0090D28B /* PBXTargetDependency */,
			);
			fileSystemSynchronizedGroups = (
				B8312CC02CC2094E0090D28B /* krishnabalajilab5Tests */,
			);
			name = krishnabalajilab5Tests;
			packageProductDependencies = (
			);
			productName = krishnabalajilab5Tests;
			productReference = B8312CBD2CC2094E0090D28B /* krishnabalajilab5Tests.xctest */;
			productType = "com.apple.product-type.bundle.unit-test";
		};
		B8312CC62CC2094E0090D28B /* krishnabalajilab5UITests */ = {
			isa = PBXNativeTarget;
			buildConfigurationList = B8312CD72CC2094E0090D28B /* Build configuration list for PBXNativeTarget "krishnabalajilab5UITests" */;
			buildPhases = (
				B8312CC32CC2094E0090D28B /* Sources */,
				B8312CC42CC2094E0090D28B /* Frameworks */,
				B8312CC52CC2094E0090D28B /* Resources */,
			);
			buildRules = (
			);
			dependencies = (
				B8312CC92CC2094E0090D28B /* PBXTargetDependency */,
			);
			fileSystemSynchronizedGroups = (
				B8312CCA2CC2094E0090D28B /* krishnabalajilab5UITests */,
			);
			name = krishnabalajilab5UITests;
			packageProductDependencies = (
			);
			productName = krishnabalajilab5UITests;
			productReference = B8312CC72CC2094E0090D28B /* krishnabalajilab5UITests.xctest */;
			productType = "com.apple.product-type.bundle.ui-testing";
		};
/* End PBXNativeTarget section */

/* Begin PBXProject section */
		B8312CA52CC2094C0090D28B /* Project object */ = {
			isa = PBXProject;
			attributes = {
				BuildIndependentTargetsInParallel = 1;
				LastSwiftUpdateCheck = 1600;
				LastUpgradeCheck = 1600;
				TargetAttributes = {
					B8312CAC2CC2094C0090D28B = {
						CreatedOnToolsVersion = 16.0;
					};
					B8312CBC2CC2094E0090D28B = {
						CreatedOnToolsVersion = 16.0;
						TestTargetID = B8312CAC2CC2094C0090D28B;
					};
					B8312CC62CC2094E0090D28B = {
						CreatedOnToolsVersion = 16.0;
						TestTargetID = B8312CAC2CC2094C0090D28B;
					};
				};
			};
			buildConfigurationList = B8312CA82CC2094C0090D28B /* Build configuration list for PBXProject "krishnabalajilab5" */;
			developmentRegion = en;
			hasScannedForEncodings = 0;
			knownRegions = (
				en,
				Base,
			);
			mainGroup = B8312CA42CC2094C0090D28B;
			minimizedProjectReferenceProxies = 1;
			preferredProjectObjectVersion = 77;
			productRefGroup = B8312CAE2CC2094C0090D28B /* Products */;
			projectDirPath = "";
			projectRoot = "";
			targets = (
				B8312CAC2CC2094C0090D28B /* krishnabalajilab5 */,
				B8312CBC2CC2094E0090D28B /* krishnabalajilab5Tests */,
				B8312CC62CC2094E0090D28B /* krishnabalajilab5UITests */,
			);
		};
/* End PBXProject section */

/* Begin PBXResourcesBuildPhase section */
		B8312CAB2CC2094C0090D28B /* Resources */ = {
			isa = PBXResourcesBuildPhase;
			buildActionMask = 2147483647;
			files = (
			);
			runOnlyForDeploymentPostprocessing = 0;
		};
		B8312CBB2CC2094E0090D28B /* Resources */ = {
			isa = PBXResourcesBuildPhase;
			buildActionMask = 2147483647;
			files = (
			);
			runOnlyForDeploymentPostprocessing = 0;
		};
		B8312CC52CC2094E0090D28B /* Resources */ = {
			isa = PBXResourcesBuildPhase;
			buildActionMask = 2147483647;
			files = (
			);
			runOnlyForDeploymentPostprocessing = 0;
		};
/* End PBXResourcesBuildPhase section */

/* Begin PBXSourcesBuildPhase section */
		B8312CA92CC2094C0090D28B /* Sources */ = {
			isa = PBXSourcesBuildPhase;
			buildActionMask = 2147483647;
			files = (
			);
			runOnlyForDeploymentPostprocessing = 0;
		};
		B8312CB92CC2094E0090D28B /* Sources */ = {
			isa = PBXSourcesBuildPhase;
			buildActionMask = 2147483647;
			files = (
			);
			runOnlyForDeploymentPostprocessing = 0;
		};
		B8312CC32CC2094E0090D28B /* Sources */ = {
			isa = PBXSourcesBuildPhase;
			buildActionMask = 2147483647;
			files = (
			);
			runOnlyForDeploymentPostprocessing = 0;
		};
/* End PBXSourcesBuildPhase section */

/* Begin PBXTargetDependency section */
		B8312CBF2CC2094E0090D28B /* PBXTargetDependency */ = {
			isa = PBXTargetDependency;
			target = B8312CAC2CC2094C0090D28B /* krishnabalajilab5 */;
			targetProxy = B8312CBE2CC2094E0090D28B /* PBXContainerItemProxy */;
		};
		B8312CC92CC2094E0090D28B /* PBXTargetDependency */ = {
			isa = PBXTargetDependency;
			target = B8312CAC2CC2094C0090D28B /* krishnabalajilab5 */;
			targetProxy = B8312CC82CC2094E0090D28B /* PBXContainerItemProxy */;
		};
/* End PBXTargetDependency section */

/* Begin XCBuildConfiguration section */
		B8312CCF2CC2094E0090D28B /* Debug */ = {
			isa = XCBuildConfiguration;
			buildSettings = {
				ALWAYS_SEARCH_USER_PATHS = NO;
				ASSETCATALOG_COMPILER_GENERATE_SWIFT_ASSET_SYMBOL_EXTENSIONS = YES;
				CLANG_ANALYZER_NONNULL = YES;
				CLANG_ANALYZER_NUMBER_OBJECT_CONVERSION = YES_AGGRESSIVE;
				CLANG_CXX_LANGUAGE_STANDARD = "gnu++20";
				CLANG_ENABLE_MODULES = YES;
				CLANG_ENABLE_OBJC_ARC = YES;
				CLANG_ENABLE_OBJC_WEAK = YES;
				CLANG_WARN_BLOCK_CAPTURE_AUTORELEASING = YES;
				CLANG_WARN_BOOL_CONVERSION = YES;
				CLANG_WARN_COMMA = YES;
				CLANG_WARN_CONSTANT_CONVERSION = YES;
				CLANG_WARN_DEPRECATED_OBJC_IMPLEMENTATIONS = YES;
				CLANG_WARN_DIRECT_OBJC_ISA_USAGE = YES_ERROR;
				CLANG_WARN_DOCUMENTATION_COMMENTS = YES;
				CLANG_WARN_EMPTY_BODY = YES;
				CLANG_WARN_ENUM_CONVERSION = YES;
				CLANG_WARN_INFINITE_RECURSION = YES;
				CLANG_WARN_INT_CONVERSION = YES;
				CLANG_WARN_NON_LITERAL_NULL_CONVERSION = YES;
				CLANG_WARN_OBJC_IMPLICIT_RETAIN_SELF = YES;
				CLANG_WARN_OBJC_LITERAL_CONVERSION = YES;
				CLANG_WARN_OBJC_ROOT_CLASS = YES_ERROR;
				CLANG_WARN_QUOTED_INCLUDE_IN_FRAMEWORK_HEADER = YES;
				CLANG_WARN_RANGE_LOOP_ANALYSIS = YES;
				CLANG_WARN_STRICT_PROTOTYPES = YES;
				CLANG_WARN_SUSPICIOUS_MOVE = YES;
				CLANG_WARN_UNGUARDED_AVAILABILITY = YES_AGGRESSIVE;
				CLANG_WARN_UNREACHABLE_CODE = YES;
				CLANG_WARN__DUPLICATE_METHOD_MATCH = YES;
				COPY_PHASE_STRIP = NO;
				DEBUG_INFORMATION_FORMAT = dwarf;
				ENABLE_STRICT_OBJC_MSGSEND = YES;
				ENABLE_TESTABILITY = YES;
				ENABLE_USER_SCRIPT_SANDBOXING = YES;
				GCC_C_LANGUAGE_STANDARD = gnu17;
				GCC_DYNAMIC_NO_PIC = NO;
				GCC_NO_COMMON_BLOCKS = YES;
				GCC_OPTIMIZATION_LEVEL = 0;
				GCC_PREPROCESSOR_DEFINITIONS = (
					"DEBUG=1",
					"$(inherited)",
				);
				GCC_WARN_64_TO_32_BIT_CONVERSION = YES;
				GCC_WARN_ABOUT_RETURN_TYPE = YES_ERROR;
				GCC_WARN_UNDECLARED_SELECTOR = YES;
				GCC_WARN_UNINITIALIZED_AUTOS = YES_AGGRESSIVE;
				GCC_WARN_UNUSED_FUNCTION = YES;
				GCC_WARN_UNUSED_VARIABLE = YES;
				IPHONEOS_DEPLOYMENT_TARGET = 18.0;
				LOCALIZATION_PREFERS_STRING_CATALOGS = YES;
				MTL_ENABLE_DEBUG_INFO = INCLUDE_SOURCE;
				MTL_FAST_MATH = YES;
				ONLY_ACTIVE_ARCH = YES;
				SDKROOT = iphoneos;
				SWIFT_ACTIVE_COMPILATION_CONDITIONS = "DEBUG $(inherited)";
				SWIFT_OPTIMIZATION_LEVEL = "-Onone";
			};
			name = Debug;
		};
		B8312CD02CC2094E0090D28B /* Release */ = {
			isa = XCBuildConfiguration;
			buildSettings = {
				ALWAYS_SEARCH_USER_PATHS = NO;
				ASSETCATALOG_COMPILER_GENERATE_SWIFT_ASSET_SYMBOL_EXTENSIONS = YES;
				CLANG_ANALYZER_NONNULL = YES;
				CLANG_ANALYZER_NUMBER_OBJECT_CONVERSION = YES_AGGRESSIVE;
				CLANG_CXX_LANGUAGE_STANDARD = "gnu++20";
				CLANG_ENABLE_MODULES = YES;
				CLANG_ENABLE_OBJC_ARC = YES;
				CLANG_ENABLE_OBJC_WEAK = YES;
				CLANG_WARN_BLOCK_CAPTURE_AUTORELEASING = YES;
				CLANG_WARN_BOOL_CONVERSION = YES;
				CLANG_WARN_COMMA = YES;
				CLANG_WARN_CONSTANT_CONVERSION = YES;
				CLANG_WARN_DEPRECATED_OBJC_IMPLEMENTATIONS = YES;
				CLANG_WARN_DIRECT_OBJC_ISA_USAGE = YES_ERROR;
				CLANG_WARN_DOCUMENTATION_COMMENTS = YES;
				CLANG_WARN_EMPTY_BODY = YES;
				CLANG_WARN_ENUM_CONVERSION = YES;
				CLANG_WARN_INFINITE_RECURSION = YES;
				CLANG_WARN_INT_CONVERSION = YES;
				CLANG_WARN_NON_LITERAL_NULL_CONVERSION = YES;
				CLANG_WARN_OBJC_IMPLICIT_RETAIN_SELF = YES;
				CLANG_WARN_OBJC_LITERAL_CONVERSION = YES;
				CLANG_WARN_OBJC_ROOT_CLASS = YES_ERROR;
				CLANG_WARN_QUOTED_INCLUDE_IN_FRAMEWORK_HEADER = YES;
				CLANG_WARN_RANGE_LOOP_ANALYSIS = YES;
				CLANG_WARN_STRICT_PROTOTYPES = YES;
				CLANG_WARN_SUSPICIOUS_MOVE = YES;
				CLANG_WARN_UNGUARDED_AVAILABILITY = YES_AGGRESSIVE;
				CLANG_WARN_UNREACHABLE_CODE = YES;
				CLANG_WARN__DUPLICATE_METHOD_MATCH = YES;
				COPY_PHASE_STRIP = NO;
				DEBUG_INFORMATION_FORMAT = "dwarf-with-dsym";
				ENABLE_NS_ASSERTIONS = NO;
				ENABLE_STRICT_OBJC_MSGSEND = YES;
				ENABLE_USER_SCRIPT_SANDBOXING = YES;
				GCC_C_LANGUAGE_STANDARD = gnu17;
				GCC_NO_COMMON_BLOCKS = YES;
				GCC_WARN_64_TO_32_BIT_CONVERSION = YES;
				GCC_WARN_ABOUT_RETURN_TYPE = YES_ERROR;
				GCC_WARN_UNDECLARED_SELECTOR = YES;
				GCC_WARN_UNINITIALIZED_AUTOS = YES_AGGRESSIVE;
				GCC_WARN_UNUSED_FUNCTION = YES;
				GCC_WARN_UNUSED_VARIABLE = YES;
				IPHONEOS_DEPLOYMENT_TARGET = 18.0;
				LOCALIZATION_PREFERS_STRING_CATALOGS = YES;
				MTL_ENABLE_DEBUG_INFO = NO;
				MTL_FAST_MATH = YES;
				SDKROOT = iphoneos;
				SWIFT_COMPILATION_MODE = wholemodule;
				VALIDATE_PRODUCT = YES;
			};
			name = Release;
		};
		B8312CD22CC2094E0090D28B /* Debug */ = {
			isa = XCBuildConfiguration;
			buildSettings = {
				ASSETCATALOG_COMPILER_APPICON_NAME = AppIcon;
				ASSETCATALOG_COMPILER_GLOBAL_ACCENT_COLOR_NAME = AccentColor;
				CODE_SIGN_STYLE = Automatic;
				CURRENT_PROJECT_VERSION = 1;
				DEVELOPMENT_ASSET_PATHS = "\"krishnabalajilab5/Preview Content\"";
				ENABLE_PREVIEWS = YES;
				GENERATE_INFOPLIST_FILE = YES;
				INFOPLIST_KEY_UIApplicationSceneManifest_Generation = YES;
				INFOPLIST_KEY_UIApplicationSupportsIndirectInputEvents = YES;
				INFOPLIST_KEY_UILaunchScreen_Generation = YES;
				INFOPLIST_KEY_UISupportedInterfaceOrientations_iPad = "UIInterfaceOrientationPortrait UIInterfaceOrientationPortraitUpsideDown UIInterfaceOrientationLandscapeLeft UIInterfaceOrientationLandscapeRight";
				INFOPLIST_KEY_UISupportedInterfaceOrientations_iPhone = "UIInterfaceOrientationPortrait UIInterfaceOrientationLandscapeLeft UIInterfaceOrientationLandscapeRight";
				LD_RUNPATH_SEARCH_PATHS = (
					"$(inherited)",
					"@executable_path/Frameworks",
				);
				MARKETING_VERSION = 1.0;
				PRODUCT_BUNDLE_IDENTIFIER = asu.krishnabalajilab5;
				PRODUCT_NAME = "$(TARGET_NAME)";
				SWIFT_EMIT_LOC_STRINGS = YES;
				SWIFT_VERSION = 5.0;
				TARGETED_DEVICE_FAMILY = "1,2";
			};
			name = Debug;
		};
		B8312CD32CC2094E0090D28B /* Release */ = {
			isa = XCBuildConfiguration;
			buildSettings = {
				ASSETCATALOG_COMPILER_APPICON_NAME = AppIcon;
				ASSETCATALOG_COMPILER_GLOBAL_ACCENT_COLOR_NAME = AccentColor;
				CODE_SIGN_STYLE = Automatic;
				CURRENT_PROJECT_VERSION = 1;
				DEVELOPMENT_ASSET_PATHS = "\"krishnabalajilab5/Preview Content\"";
				ENABLE_PREVIEWS = YES;
				GENERATE_INFOPLIST_FILE = YES;
				INFOPLIST_KEY_UIApplicationSceneManifest_Generation = YES;
				INFOPLIST_KEY_UIApplicationSupportsIndirectInputEvents = YES;
				INFOPLIST_KEY_UILaunchScreen_Generation = YES;
				INFOPLIST_KEY_UISupportedInterfaceOrientations_iPad = "UIInterfaceOrientationPortrait UIInterfaceOrientationPortraitUpsideDown UIInterfaceOrientationLandscapeLeft UIInterfaceOrientationLandscapeRight";
				INFOPLIST_KEY_UISupportedInterfaceOrientations_iPhone = "UIInterfaceOrientationPortrait UIInterfaceOrientationLandscapeLeft UIInterfaceOrientationLandscapeRight";
				LD_RUNPATH_SEARCH_PATHS = (
					"$(inherited)",
					"@executable_path/Frameworks",
				);
				MARKETING_VERSION = 1.0;
				PRODUCT_BUNDLE_IDENTIFIER = asu.krishnabalajilab5;
				PRODUCT_NAME = "$(TARGET_NAME)";
				SWIFT_EMIT_LOC_STRINGS = YES;
				SWIFT_VERSION = 5.0;
				TARGETED_DEVICE_FAMILY = "1,2";
			};
			name = Release;
		};
		B8312CD52CC2094E0090D28B /* Debug */ = {
			isa = XCBuildConfiguration;
			buildSettings = {
				BUNDLE_LOADER = "$(TEST_HOST)";
				CODE_SIGN_STYLE = Automatic;
				CURRENT_PROJECT_VERSION = 1;
				GENERATE_INFOPLIST_FILE = YES;
				IPHONEOS_DEPLOYMENT_TARGET = 18.0;
				MARKETING_VERSION = 1.0;
				PRODUCT_BUNDLE_IDENTIFIER = asu.krishnabalajilab5Tests;
				PRODUCT_NAME = "$(TARGET_NAME)";
				SWIFT_EMIT_LOC_STRINGS = NO;
				SWIFT_VERSION = 5.0;
				TARGETED_DEVICE_FAMILY = "1,2";
				TEST_HOST = "$(BUILT_PRODUCTS_DIR)/krishnabalajilab5.app/$(BUNDLE_EXECUTABLE_FOLDER_PATH)/krishnabalajilab5";
			};
			name = Debug;
		};
		B8312CD62CC2094E0090D28B /* Release */ = {
			isa = XCBuildConfiguration;
			buildSettings = {
				BUNDLE_LOADER = "$(TEST_HOST)";
				CODE_SIGN_STYLE = Automatic;
				CURRENT_PROJECT_VERSION = 1;
				GENERATE_INFOPLIST_FILE = YES;
				IPHONEOS_DEPLOYMENT_TARGET = 18.0;
				MARKETING_VERSION = 1.0;
				PRODUCT_BUNDLE_IDENTIFIER = asu.krishnabalajilab5Tests;
				PRODUCT_NAME = "$(TARGET_NAME)";
				SWIFT_EMIT_LOC_STRINGS = NO;
				SWIFT_VERSION = 5.0;
				TARGETED_DEVICE_FAMILY = "1,2";
				TEST_HOST = "$(BUILT_PRODUCTS_DIR)/krishnabalajilab5.app/$(BUNDLE_EXECUTABLE_FOLDER_PATH)/krishnabalajilab5";
			};
			name = Release;
		};
		B8312CD82CC2094E0090D28B /* Debug */ = {
			isa = XCBuildConfiguration;
			buildSettings = {
				CODE_SIGN_STYLE = Automatic;
				CURRENT_PROJECT_VERSION = 1;
				GENERATE_INFOPLIST_FILE = YES;
				MARKETING_VERSION = 1.0;
				PRODUCT_BUNDLE_IDENTIFIER = asu.krishnabalajilab5UITests;
				PRODUCT_NAME = "$(TARGET_NAME)";
				SWIFT_EMIT_LOC_STRINGS = NO;
				SWIFT_VERSION = 5.0;
				TARGETED_DEVICE_FAMILY = "1,2";
				TEST_TARGET_NAME = krishnabalajilab5;
			};
			name = Debug;
		};
		B8312CD92CC2094E0090D28B /* Release */ = {
			isa = XCBuildConfiguration;
			buildSettings = {
				CODE_SIGN_STYLE = Automatic;
				CURRENT_PROJECT_VERSION = 1;
				GENERATE_INFOPLIST_FILE = YES;
				MARKETING_VERSION = 1.0;
				PRODUCT_BUNDLE_IDENTIFIER = asu.krishnabalajilab5UITests;
				PRODUCT_NAME = "$(TARGET_NAME)";
				SWIFT_EMIT_LOC_STRINGS = NO;
				SWIFT_VERSION = 5.0;
				TARGETED_DEVICE_FAMILY = "1,2";
				TEST_TARGET_NAME = krishnabalajilab5;
			};
			name = Release;
		};
/* End XCBuildConfiguration section */

/* Begin XCConfigurationList section */
		B8312CA82CC2094C0090D28B /* Build configuration list for PBXProject "krishnabalajilab5" */ = {
			isa = XCConfigurationList;
			buildConfigurations = (
				B8312CCF2CC2094E0090D28B /* Debug */,
				B8312CD02CC2094E0090D28B /* Release */,
			);
			defaultConfigurationIsVisible = 0;
			defaultConfigurationName = Release;
		};
		B8312CD12CC2094E0090D28B /* Build configuration list for PBXNativeTarget "krishnabalajilab5" */ = {
			isa = XCConfigurationList;
			buildConfigurations = (
				B8312CD22CC2094E0090D28B /* Debug */,
				B8312CD32CC2094E0090D28B /* Release */,
			);
			defaultConfigurationIsVisible = 0;
			defaultConfigurationName = Release;
		};
		B8312CD42CC2094E0090D28B /* Build configuration list for PBXNativeTarget "krishnabalajilab5Tests" */ = {
			isa = XCConfigurationList;
			buildConfigurations = (
				B8312CD52CC2094E0090D28B /* Debug */,
				B8312CD62CC2094E0090D28B /* Release */,
			);
			defaultConfigurationIsVisible = 0;
			defaultConfigurationName = Release;
		};
		B8312CD72CC2094E0090D28B /* Build configuration list for PBXNativeTarget "krishnabalajilab5UITests" */ = {
			isa = XCConfigurationList;
			buildConfigurations = (
				B8312CD82CC2094E0090D28B /* Debug */,
				B8312CD92CC2094E0090D28B /* Release */,
			);
			defaultConfigurationIsVisible = 0;
			defaultConfigurationName = Release;
		};
/* End XCConfigurationList section */
	};
	rootObject = B8312CA52CC2094C0090D28B /* Project object */;
}
